// !$*UTF8*$!
{
	archiveVersion = 1;
	classes = {
	};
	objectVersion = 56;
	objects = {

/* Begin PBXBuildFile section */
		B616A1C32B17155600C0A666 /* Edit_List_In_SwiftUIApp.swift in Sources */ = {isa = PBXBuildFile; fileRef = B616A1C22B17155600C0A666 /* Edit_List_In_SwiftUIApp.swift */; };
		B616A1C52B17155600C0A666 /* ContentView.swift in Sources */ = {isa = PBXBuildFile; fileRef = B616A1C42B17155600C0A666 /* ContentView.swift */; };
		B616A1C72B17155A00C0A666 /* Assets.xcassets in Resources */ = {isa = PBXBuildFile; fileRef = B616A1C62B17155A00C0A666 /* Assets.xcassets */; };
		B616A1CA2B17155A00C0A666 /* Preview Assets.xcassets in Resources */ = {isa = PBXBuildFile; fileRef = B616A1C92B17155A00C0A666 /* Preview Assets.xcassets */; };
		B616A1D32B1718A900C0A666 /* NavigationBarModifierView.swift in Sources */ = {isa = PBXBuildFile; fileRef = B616A1D22B1718A900C0A666 /* NavigationBarModifierView.swift */; };
		B616A1D52B17190800C0A666 /* ListModifierView.swift in Sources */ = {isa = PBXBuildFile; fileRef = B616A1D42B17190800C0A666 /* ListModifierView.swift */; };
		B616A1D72B171D7800C0A666 /* ArrayWithUIColorExtension.swift in Sources */ = {isa = PBXBuildFile; fileRef = B616A1D62B171D7800C0A666 /* ArrayWithUIColorExtension.swift */; };
		B616A1DD2B172ECC00C0A666 /* Playlist.swift in Sources */ = {isa = PBXBuildFile; fileRef = B616A1DC2B172ECC00C0A666 /* Playlist.swift */; };
		B616A1DF2B172F1A00C0A666 /* Song.swift in Sources */ = {isa = PBXBuildFile; fileRef = B616A1DE2B172F1A00C0A666 /* Song.swift */; };
		B616A1E12B1732F200C0A666 /* PlaylistViewModel.swift in Sources */ = {isa = PBXBuildFile; fileRef = B616A1E02B1732F200C0A666 /* PlaylistViewModel.swift */; };
/* End PBXBuildFile section */

/* Begin PBXFileReference section */
		B616A1BF2B17155600C0A666 /* Edit List In SwiftUI.app */ = {isa = PBXFileReference; explicitFileType = wrapper.application; includeInIndex = 0; path = "Edit List In SwiftUI.app"; sourceTree = BUILT_PRODUCTS_DIR; };
		B616A1C22B17155600C0A666 /* Edit_List_In_SwiftUIApp.swift */ = {isa = PBXFileReference; lastKnownFileType = sourcecode.swift; path = Edit_List_In_SwiftUIApp.swift; sourceTree = "<group>"; };
		B616A1C42B17155600C0A666 /* ContentView.swift */ = {isa = PBXFileReference; lastKnownFileType = sourcecode.swift; path = ContentView.swift; sourceTree = "<group>"; };
		B616A1C62B17155A00C0A666 /* Assets.xcassets */ = {isa = PBXFileReference; lastKnownFileType = folder.assetcatalog; path = Assets.xcassets; sourceTree = "<group>"; };
		B616A1C92B17155A00C0A666 /* Preview Assets.xcassets */ = {isa = PBXFileReference; lastKnownFileType = folder.assetcatalog; path = "Preview Assets.xcassets"; sourceTree = "<group>"; };
		B616A1D22B1718A900C0A666 /* NavigationBarModifierView.swift */ = {isa = PBXFileReference; lastKnownFileType = sourcecode.swift; path = NavigationBarModifierView.swift; sourceTree = "<group>"; };
		B616A1D42B17190800C0A666 /* ListModifierView.swift */ = {isa = PBXFileReference; lastKnownFileType = sourcecode.swift; path = ListModifierView.swift; sourceTree = "<group>"; };
		B616A1D62B171D7800C0A666 /* ArrayWithUIColorExtension.swift */ = {isa = PBXFileReference; lastKnownFileType = sourcecode.swift; path = ArrayWithUIColorExtension.swift; sourceTree = "<group>"; };
		B616A1DC2B172ECC00C0A666 /* Playlist.swift */ = {isa = PBXFileReference; lastKnownFileType = sourcecode.swift; path = Playlist.swift; sourceTree = "<group>"; };
		B616A1DE2B172F1A00C0A666 /* Song.swift */ = {isa = PBXFileReference; lastKnownFileType = sourcecode.swift; path = Song.swift; sourceTree = "<group>"; };
		B616A1E02B1732F200C0A666 /* PlaylistViewModel.swift */ = {isa = PBXFileReference; lastKnownFileType = sourcecode.swift; path = PlaylistViewModel.swift; sourceTree = "<group>"; };
/* End PBXFileReference section */

/* Begin PBXFrameworksBuildPhase section */
		B616A1BC2B17155600C0A666 /* Frameworks */ = {
			isa = PBXFrameworksBuildPhase;
			buildActionMask = 2147483647;
			files = (
			);
			runOnlyForDeploymentPostprocessing = 0;
		};
/* End PBXFrameworksBuildPhase section */

/* Begin PBXGroup section */
		B616A1B62B17155600C0A666 = {
			isa = PBXGroup;
			children = (
				B616A1C12B17155600C0A666 /* Edit List In SwiftUI */,
				B616A1C02B17155600C0A666 /* Products */,
			);
			sourceTree = "<group>";
		};
		B616A1C02B17155600C0A666 /* Products */ = {
			isa = PBXGroup;
			children = (
				B616A1BF2B17155600C0A666 /* Edit List In SwiftUI.app */,
			);
			name = Products;
			sourceTree = "<group>";
		};
		B616A1C12B17155600C0A666 /* Edit List In SwiftUI */ = {
			isa = PBXGroup;
			children = (
				B616A1C22B17155600C0A666 /* Edit_List_In_SwiftUIApp.swift */,
				B616A1C42B17155600C0A666 /* ContentView.swift */,
				B616A1E02B1732F200C0A666 /* PlaylistViewModel.swift */,
				B616A1DC2B172ECC00C0A666 /* Playlist.swift */,
				B616A1DE2B172F1A00C0A666 /* Song.swift */,
				B616A1D42B17190800C0A666 /* ListModifierView.swift */,
				B616A1D22B1718A900C0A666 /* NavigationBarModifierView.swift */,
				B616A1D62B171D7800C0A666 /* ArrayWithUIColorExtension.swift */,
				B616A1C62B17155A00C0A666 /* Assets.xcassets */,
				B616A1C82B17155A00C0A666 /* Preview Content */,
			);
			path = "Edit List In SwiftUI";
			sourceTree = "<group>";
		};
		B616A1C82B17155A00C0A666 /* Preview Content */ = {
			isa = PBXGroup;
			children = (
				B616A1C92B17155A00C0A666 /* Preview Assets.xcassets */,
			);
			path = "Preview Content";
			sourceTree = "<group>";
		};
/* End PBXGroup section */

/* Begin PBXNativeTarget section */
		B616A1BE2B17155600C0A666 /* Edit List In SwiftUI */ = {
			isa = PBXNativeTarget;
			buildConfigurationList = B616A1CD2B17155A00C0A666 /* Build configuration list for PBXNativeTarget "Edit List In SwiftUI" */;
			buildPhases = (
				B616A1BB2B17155600C0A666 /* Sources */,
				B616A1BC2B17155600C0A666 /* Frameworks */,
				B616A1BD2B17155600C0A666 /* Resources */,
			);
			buildRules = (
			);
			dependencies = (
			);
			name = "Edit List In SwiftUI";
			productName = "Edit List In SwiftUI";
			productReference = B616A1BF2B17155600C0A666 /* Edit List In SwiftUI.app */;
			productType = "com.apple.product-type.application";
		};
/* End PBXNativeTarget section */

/* Begin PBXProject section */
		B616A1B72B17155600C0A666 /* Project object */ = {
			isa = PBXProject;
			attributes = {
				BuildIndependentTargetsInParallel = 1;
				LastSwiftUpdateCheck = 1500;
				LastUpgradeCheck = 1500;
				TargetAttributes = {
					B616A1BE2B17155600C0A666 = {
						CreatedOnToolsVersion = 15.0.1;
					};
				};
			};
			buildConfigurationList = B616A1BA2B17155600C0A666 /* Build configuration list for PBXProject "Edit List In SwiftUI" */;
			compatibilityVersion = "Xcode 14.0";
			developmentRegion = en;
			hasScannedForEncodings = 0;
			knownRegions = (
				en,
				Base,
			);
			mainGroup = B616A1B62B17155600C0A666;
			productRefGroup = B616A1C02B17155600C0A666 /* Products */;
			projectDirPath = "";
			projectRoot = "";
			targets = (
				B616A1BE2B17155600C0A666 /* Edit List In SwiftUI */,
			);
		};
/* End PBXProject section */

/* Begin PBXResourcesBuildPhase section */
		B616A1BD2B17155600C0A666 /* Resources */ = {
			isa = PBXResourcesBuildPhase;
			buildActionMask = 2147483647;
			files = (
				B616A1CA2B17155A00C0A666 /* Preview Assets.xcassets in Resources */,
				B616A1C72B17155A00C0A666 /* Assets.xcassets in Resources */,
			);
			runOnlyForDeploymentPostprocessing = 0;
		};
/* End PBXResourcesBuildPhase section */

/* Begin PBXSourcesBuildPhase section */
		B616A1BB2B17155600C0A666 /* Sources */ = {
			isa = PBXSourcesBuildPhase;
			buildActionMask = 2147483647;
			files = (
				B616A1E12B1732F200C0A666 /* PlaylistViewModel.swift in Sources */,
				B616A1DF2B172F1A00C0A666 /* Song.swift in Sources */,
				B616A1D72B171D7800C0A666 /* ArrayWithUIColorExtension.swift in Sources */,
				B616A1C52B17155600C0A666 /* ContentView.swift in Sources */,
				B616A1DD2B172ECC00C0A666 /* Playlist.swift in Sources */,
				B616A1C32B17155600C0A666 /* Edit_List_In_SwiftUIApp.swift in Sources */,
				B616A1D32B1718A900C0A666 /* NavigationBarModifierView.swift in Sources */,
				B616A1D52B17190800C0A666 /* ListModifierView.swift in Sources */,
			);
			runOnlyForDeploymentPostprocessing = 0;
		};
/* End PBXSourcesBuildPhase section */

/* Begin XCBuildConfiguration section */
		B616A1CB2B17155A00C0A666 /* Debug */ = {
			isa = XCBuildConfiguration;
			buildSettings = {
				ALWAYS_SEARCH_USER_PATHS = NO;
				ASSETCATALOG_COMPILER_GENERATE_SWIFT_ASSET_SYMBOL_EXTENSIONS = YES;
				CLANG_ANALYZER_NONNULL = YES;
				CLANG_ANALYZER_NUMBER_OBJECT_CONVERSION = YES_AGGRESSIVE;
				CLANG_CXX_LANGUAGE_STANDARD = "gnu++20";
				CLANG_ENABLE_MODULES = YES;
				CLANG_ENABLE_OBJC_ARC = YES;
				CLANG_ENABLE_OBJC_WEAK = YES;
				CLANG_WARN_BLOCK_CAPTURE_AUTORELEASING = YES;
				CLANG_WARN_BOOL_CONVERSION = YES;
				CLANG_WARN_COMMA = YES;
				CLANG_WARN_CONSTANT_CONVERSION = YES;
				CLANG_WARN_DEPRECATED_OBJC_IMPLEMENTATIONS = YES;
				CLANG_WARN_DIRECT_OBJC_ISA_USAGE = YES_ERROR;
				CLANG_WARN_DOCUMENTATION_COMMENTS = YES;
				CLANG_WARN_EMPTY_BODY = YES;
				CLANG_WARN_ENUM_CONVERSION = YES;
				CLANG_WARN_INFINITE_RECURSION = YES;
				CLANG_WARN_INT_CONVERSION = YES;
				CLANG_WARN_NON_LITERAL_NULL_CONVERSION = YES;
				CLANG_WARN_OBJC_IMPLICIT_RETAIN_SELF = YES;
				CLANG_WARN_OBJC_LITERAL_CONVERSION = YES;
				CLANG_WARN_OBJC_ROOT_CLASS = YES_ERROR;
				CLANG_WARN_QUOTED_INCLUDE_IN_FRAMEWORK_HEADER = YES;
				CLANG_WARN_RANGE_LOOP_ANALYSIS = YES;
				CLANG_WARN_STRICT_PROTOTYPES = YES;
				CLANG_WARN_SUSPICIOUS_MOVE = YES;
				CLANG_WARN_UNGUARDED_AVAILABILITY = YES_AGGRESSIVE;
				CLANG_WARN_UNREACHABLE_CODE = YES;
				CLANG_WARN__DUPLICATE_METHOD_MATCH = YES;
				COPY_PHASE_STRIP = NO;
				DEBUG_INFORMATION_FORMAT = dwarf;
				ENABLE_STRICT_OBJC_MSGSEND = YES;
				ENABLE_TESTABILITY = YES;
				ENABLE_USER_SCRIPT_SANDBOXING = YES;
				GCC_C_LANGUAGE_STANDARD = gnu17;
				GCC_DYNAMIC_NO_PIC = NO;
				GCC_NO_COMMON_BLOCKS = YES;
				GCC_OPTIMIZATION_LEVEL = 0;
				GCC_PREPROCESSOR_DEFINITIONS = (
					"DEBUG=1",
					"$(inherited)",
				);
				GCC_WARN_64_TO_32_BIT_CONVERSION = YES;
				GCC_WARN_ABOUT_RETURN_TYPE = YES_ERROR;
				GCC_WARN_UNDECLARED_SELECTOR = YES;
				GCC_WARN_UNINITIALIZED_AUTOS = YES_AGGRESSIVE;
				GCC_WARN_UNUSED_FUNCTION = YES;
				GCC_WARN_UNUSED_VARIABLE = YES;
				IPHONEOS_DEPLOYMENT_TARGET = 17.0;
				LOCALIZATION_PREFERS_STRING_CATALOGS = YES;
				MTL_ENABLE_DEBUG_INFO = INCLUDE_SOURCE;
				MTL_FAST_MATH = YES;
				ONLY_ACTIVE_ARCH = YES;
				SDKROOT = iphoneos;
				SWIFT_ACTIVE_COMPILATION_CONDITIONS = "DEBUG $(inherited)";
				SWIFT_OPTIMIZATION_LEVEL = "-Onone";
			};
			name = Debug;
		};
		B616A1CC2B17155A00C0A666 /* Release */ = {
			isa = XCBuildConfiguration;
			buildSettings = {
				ALWAYS_SEARCH_USER_PATHS = NO;
				ASSETCATALOG_COMPILER_GENERATE_SWIFT_ASSET_SYMBOL_EXTENSIONS = YES;
				CLANG_ANALYZER_NONNULL = YES;
				CLANG_ANALYZER_NUMBER_OBJECT_CONVERSION = YES_AGGRESSIVE;
				CLANG_CXX_LANGUAGE_STANDARD = "gnu++20";
				CLANG_ENABLE_MODULES = YES;
				CLANG_ENABLE_OBJC_ARC = YES;
				CLANG_ENABLE_OBJC_WEAK = YES;
				CLANG_WARN_BLOCK_CAPTURE_AUTORELEASING = YES;
				CLANG_WARN_BOOL_CONVERSION = YES;
				CLANG_WARN_COMMA = YES;
				CLANG_WARN_CONSTANT_CONVERSION = YES;
				CLANG_WARN_DEPRECATED_OBJC_IMPLEMENTATIONS = YES;
				CLANG_WARN_DIRECT_OBJC_ISA_USAGE = YES_ERROR;
				CLANG_WARN_DOCUMENTATION_COMMENTS = YES;
				CLANG_WARN_EMPTY_BODY = YES;
				CLANG_WARN_ENUM_CONVERSION = YES;
				CLANG_WARN_INFINITE_RECURSION = YES;
				CLANG_WARN_INT_CONVERSION = YES;
				CLANG_WARN_NON_LITERAL_NULL_CONVERSION = YES;
				CLANG_WARN_OBJC_IMPLICIT_RETAIN_SELF = YES;
				CLANG_WARN_OBJC_LITERAL_CONVERSION = YES;
				CLANG_WARN_OBJC_ROOT_CLASS = YES_ERROR;
				CLANG_WARN_QUOTED_INCLUDE_IN_FRAMEWORK_HEADER = YES;
				CLANG_WARN_RANGE_LOOP_ANALYSIS = YES;
				CLANG_WARN_STRICT_PROTOTYPES = YES;
				CLANG_WARN_SUSPICIOUS_MOVE = YES;
				CLANG_WARN_UNGUARDED_AVAILABILITY = YES_AGGRESSIVE;
				CLANG_WARN_UNREACHABLE_CODE = YES;
				CLANG_WARN__DUPLICATE_METHOD_MATCH = YES;
				COPY_PHASE_STRIP = NO;
				DEBUG_INFORMATION_FORMAT = "dwarf-with-dsym";
				ENABLE_NS_ASSERTIONS = NO;
				ENABLE_STRICT_OBJC_MSGSEND = YES;
				ENABLE_USER_SCRIPT_SANDBOXING = YES;
				GCC_C_LANGUAGE_STANDARD = gnu17;
				GCC_NO_COMMON_BLOCKS = YES;
				GCC_WARN_64_TO_32_BIT_CONVERSION = YES;
				GCC_WARN_ABOUT_RETURN_TYPE = YES_ERROR;
				GCC_WARN_UNDECLARED_SELECTOR = YES;
				GCC_WARN_UNINITIALIZED_AUTOS = YES_AGGRESSIVE;
				GCC_WARN_UNUSED_FUNCTION = YES;
				GCC_WARN_UNUSED_VARIABLE = YES;
				IPHONEOS_DEPLOYMENT_TARGET = 17.0;
				LOCALIZATION_PREFERS_STRING_CATALOGS = YES;
				MTL_ENABLE_DEBUG_INFO = NO;
				MTL_FAST_MATH = YES;
				SDKROOT = iphoneos;
				SWIFT_COMPILATION_MODE = wholemodule;
				VALIDATE_PRODUCT = YES;
			};
			name = Release;
		};
		B616A1CE2B17155A00C0A666 /* Debug */ = {
			isa = XCBuildConfiguration;
			buildSettings = {
				ASSETCATALOG_COMPILER_APPICON_NAME = AppIcon;
				ASSETCATALOG_COMPILER_GLOBAL_ACCENT_COLOR_NAME = AccentColor;
				CODE_SIGN_STYLE = Automatic;
				CURRENT_PROJECT_VERSION = 1;
				DEVELOPMENT_ASSET_PATHS = "\"Edit List In SwiftUI/Preview Content\"";
				DEVELOPMENT_TEAM = 2N64875GLV;
				ENABLE_PREVIEWS = YES;
				ENABLE_USER_SCRIPT_SANDBOXING = NO;
				GENERATE_INFOPLIST_FILE = YES;
				INFOPLIST_KEY_UIApplicationSceneManifest_Generation = YES;
				INFOPLIST_KEY_UIApplicationSupportsIndirectInputEvents = YES;
				INFOPLIST_KEY_UILaunchScreen_Generation = YES;
				INFOPLIST_KEY_UISupportedInterfaceOrientations = UIInterfaceOrientationPortrait;
				INFOPLIST_KEY_UISupportedInterfaceOrientations_iPad = "UIInterfaceOrientationPortrait UIInterfaceOrientationPortraitUpsideDown";
				IPHONEOS_DEPLOYMENT_TARGET = 15.0;
				LD_RUNPATH_SEARCH_PATHS = (
					"$(inherited)",
					"@executable_path/Frameworks",
				);
				MARKETING_VERSION = 1.0;
				PRODUCT_BUNDLE_IDENTIFIER = "com.github.syndicate017.Edit-List-In-SwiftUI";
				PRODUCT_NAME = "$(TARGET_NAME)";
				SUPPORTED_PLATFORMS = "iphoneos iphonesimulator";
				SUPPORTS_MACCATALYST = NO;
				SUPPORTS_MAC_DESIGNED_FOR_IPHONE_IPAD = NO;
				SWIFT_EMIT_LOC_STRINGS = YES;
				SWIFT_VERSION = 5.0;
				TARGETED_DEVICE_FAMILY = "1,2";
			};
			name = Debug;
		};
		B616A1CF2B17155A00C0A666 /* Release */ = {
			isa = XCBuildConfiguration;
			buildSettings = {
				ASSETCATALOG_COMPILER_APPICON_NAME = AppIcon;
				ASSETCATALOG_COMPILER_GLOBAL_ACCENT_COLOR_NAME = AccentColor;
				CODE_SIGN_STYLE = Automatic;
				CURRENT_PROJECT_VERSION = 1;
				DEVELOPMENT_ASSET_PATHS = "\"Edit List In SwiftUI/Preview Content\"";
				DEVELOPMENT_TEAM = 2N64875GLV;
				ENABLE_PREVIEWS = YES;
				ENABLE_USER_SCRIPT_SANDBOXING = NO;
				GENERATE_INFOPLIST_FILE = YES;
				INFOPLIST_KEY_UIApplicationSceneManifest_Generation = YES;
				INFOPLIST_KEY_UIApplicationSupportsIndirectInputEvents = YES;
				INFOPLIST_KEY_UILaunchScreen_Generation = YES;
				INFOPLIST_KEY_UISupportedInterfaceOrientations = UIInterfaceOrientationPortrait;
				INFOPLIST_KEY_UISupportedInterfaceOrientations_iPad = "UIInterfaceOrientationPortrait UIInterfaceOrientationPortraitUpsideDown";
				IPHONEOS_DEPLOYMENT_TARGET = 15.0;
				LD_RUNPATH_SEARCH_PATHS = (
					"$(inherited)",
					"@executable_path/Frameworks",
				);
				MARKETING_VERSION = 1.0;
				PRODUCT_BUNDLE_IDENTIFIER = "com.github.syndicate017.Edit-List-In-SwiftUI";
				PRODUCT_NAME = "$(TARGET_NAME)";
				SUPPORTED_PLATFORMS = "iphoneos iphonesimulator";
				SUPPORTS_MACCATALYST = NO;
				SUPPORTS_MAC_DESIGNED_FOR_IPHONE_IPAD = NO;
				SWIFT_EMIT_LOC_STRINGS = YES;
				SWIFT_VERSION = 5.0;
				TARGETED_DEVICE_FAMILY = "1,2";
			};
			name = Release;
		};
/* End XCBuildConfiguration section */

/* Begin XCConfigurationList section */
		B616A1BA2B17155600C0A666 /* Build configuration list for PBXProject "Edit List In SwiftUI" */ = {
			isa = XCConfigurationList;
			buildConfigurations = (
				B616A1CB2B17155A00C0A666 /* Debug */,
				B616A1CC2B17155A00C0A666 /* Release */,
			);
			defaultConfigurationIsVisible = 0;
			defaultConfigurationName = Release;
		};
		B616A1CD2B17155A00C0A666 /* Build configuration list for PBXNativeTarget "Edit List In SwiftUI" */ = {
			isa = XCConfigurationList;
			buildConfigurations = (
				B616A1CE2B17155A00C0A666 /* Debug */,
				B616A1CF2B17155A00C0A666 /* Release */,
			);
			defaultConfigurationIsVisible = 0;
			defaultConfigurationName = Release;
		};
/* End XCConfigurationList section */
	};
	rootObject = B616A1B72B17155600C0A666 /* Project object */;
}
