// !$*UTF8*$!
{
	archiveVersion = 1;
	classes = {
	};
	objectVersion = 56;
	objects = {

/* Begin PBXBuildFile section */
		B6AD6A062B218D1600D26F72 /* FileManager_And_NSCacheApp.swift in Sources */ = {isa = PBXBuildFile; fileRef = B6AD6A052B218D1600D26F72 /* FileManager_And_NSCacheApp.swift */; };
		B6AD6A082B218D1600D26F72 /* ContentView.swift in Sources */ = {isa = PBXBuildFile; fileRef = B6AD6A072B218D1600D26F72 /* ContentView.swift */; };
		B6AD6A0A2B218D1800D26F72 /* Assets.xcassets in Resources */ = {isa = PBXBuildFile; fileRef = B6AD6A092B218D1800D26F72 /* Assets.xcassets */; };
		B6AD6A0D2B218D1800D26F72 /* Preview Assets.xcassets in Resources */ = {isa = PBXBuildFile; fileRef = B6AD6A0C2B218D1800D26F72 /* Preview Assets.xcassets */; };
		B6AD6A1A2B218E9600D26F72 /* Color+Collection.swift in Sources */ = {isa = PBXBuildFile; fileRef = B6AD6A192B218E9600D26F72 /* Color+Collection.swift */; };
		B6AD6A1C2B218EB200D26F72 /* ImageCacheManager.swift in Sources */ = {isa = PBXBuildFile; fileRef = B6AD6A1B2B218EB200D26F72 /* ImageCacheManager.swift */; };
		B6AD6A1E2B218EC300D26F72 /* ImageCacher.swift in Sources */ = {isa = PBXBuildFile; fileRef = B6AD6A1D2B218EC300D26F72 /* ImageCacher.swift */; };
		B6AD6A202B218ED200D26F72 /* ImageRetriever.swift in Sources */ = {isa = PBXBuildFile; fileRef = B6AD6A1F2B218ED200D26F72 /* ImageRetriever.swift */; };
		B6AD6A222B218EE700D26F72 /* FoodItem.swift in Sources */ = {isa = PBXBuildFile; fileRef = B6AD6A212B218EE700D26F72 /* FoodItem.swift */; };
		B6AD6A242B218EFC00D26F72 /* MenuViewModel.swift in Sources */ = {isa = PBXBuildFile; fileRef = B6AD6A232B218EFC00D26F72 /* MenuViewModel.swift */; };
		B6AD6A262B218F1000D26F72 /* CachedImageView.swift in Sources */ = {isa = PBXBuildFile; fileRef = B6AD6A252B218F1000D26F72 /* CachedImageView.swift */; };
		B6AD6A282B218F2100D26F72 /* FoodItemView.swift in Sources */ = {isa = PBXBuildFile; fileRef = B6AD6A272B218F2100D26F72 /* FoodItemView.swift */; };
		B6AD6A2A2B218F7C00D26F72 /* FileStorageManager.swift in Sources */ = {isa = PBXBuildFile; fileRef = B6AD6A292B218F7C00D26F72 /* FileStorageManager.swift */; };
/* End PBXBuildFile section */

/* Begin PBXFileReference section */
		B6AD6A022B218D1600D26F72 /* FileManager And NSCache.app */ = {isa = PBXFileReference; explicitFileType = wrapper.application; includeInIndex = 0; path = "FileManager And NSCache.app"; sourceTree = BUILT_PRODUCTS_DIR; };
		B6AD6A052B218D1600D26F72 /* FileManager_And_NSCacheApp.swift */ = {isa = PBXFileReference; lastKnownFileType = sourcecode.swift; path = FileManager_And_NSCacheApp.swift; sourceTree = "<group>"; };
		B6AD6A072B218D1600D26F72 /* ContentView.swift */ = {isa = PBXFileReference; lastKnownFileType = sourcecode.swift; path = ContentView.swift; sourceTree = "<group>"; };
		B6AD6A092B218D1800D26F72 /* Assets.xcassets */ = {isa = PBXFileReference; lastKnownFileType = folder.assetcatalog; path = Assets.xcassets; sourceTree = "<group>"; };
		B6AD6A0C2B218D1800D26F72 /* Preview Assets.xcassets */ = {isa = PBXFileReference; lastKnownFileType = folder.assetcatalog; path = "Preview Assets.xcassets"; sourceTree = "<group>"; };
		B6AD6A192B218E9600D26F72 /* Color+Collection.swift */ = {isa = PBXFileReference; lastKnownFileType = sourcecode.swift; path = "Color+Collection.swift"; sourceTree = "<group>"; };
		B6AD6A1B2B218EB200D26F72 /* ImageCacheManager.swift */ = {isa = PBXFileReference; lastKnownFileType = sourcecode.swift; path = ImageCacheManager.swift; sourceTree = "<group>"; };
		B6AD6A1D2B218EC300D26F72 /* ImageCacher.swift */ = {isa = PBXFileReference; lastKnownFileType = sourcecode.swift; path = ImageCacher.swift; sourceTree = "<group>"; };
		B6AD6A1F2B218ED200D26F72 /* ImageRetriever.swift */ = {isa = PBXFileReference; lastKnownFileType = sourcecode.swift; path = ImageRetriever.swift; sourceTree = "<group>"; };
		B6AD6A212B218EE700D26F72 /* FoodItem.swift */ = {isa = PBXFileReference; lastKnownFileType = sourcecode.swift; path = FoodItem.swift; sourceTree = "<group>"; };
		B6AD6A232B218EFC00D26F72 /* MenuViewModel.swift */ = {isa = PBXFileReference; lastKnownFileType = sourcecode.swift; path = MenuViewModel.swift; sourceTree = "<group>"; };
		B6AD6A252B218F1000D26F72 /* CachedImageView.swift */ = {isa = PBXFileReference; lastKnownFileType = sourcecode.swift; path = CachedImageView.swift; sourceTree = "<group>"; };
		B6AD6A272B218F2100D26F72 /* FoodItemView.swift */ = {isa = PBXFileReference; lastKnownFileType = sourcecode.swift; path = FoodItemView.swift; sourceTree = "<group>"; };
		B6AD6A292B218F7C00D26F72 /* FileStorageManager.swift */ = {isa = PBXFileReference; lastKnownFileType = sourcecode.swift; path = FileStorageManager.swift; sourceTree = "<group>"; };
/* End PBXFileReference section */

/* Begin PBXFrameworksBuildPhase section */
		B6AD69FF2B218D1600D26F72 /* Frameworks */ = {
			isa = PBXFrameworksBuildPhase;
			buildActionMask = 2147483647;
			files = (
			);
			runOnlyForDeploymentPostprocessing = 0;
		};
/* End PBXFrameworksBuildPhase section */

/* Begin PBXGroup section */
		B6AD69F92B218D1600D26F72 = {
			isa = PBXGroup;
			children = (
				B6AD6A042B218D1600D26F72 /* FileManager And NSCache */,
				B6AD6A032B218D1600D26F72 /* Products */,
			);
			sourceTree = "<group>";
		};
		B6AD6A032B218D1600D26F72 /* Products */ = {
			isa = PBXGroup;
			children = (
				B6AD6A022B218D1600D26F72 /* FileManager And NSCache.app */,
			);
			name = Products;
			sourceTree = "<group>";
		};
		B6AD6A042B218D1600D26F72 /* FileManager And NSCache */ = {
			isa = PBXGroup;
			children = (
				B6AD6A162B218E2500D26F72 /* Application */,
				B6AD6A152B218E2000D26F72 /* Views */,
				B6AD6A142B218E1700D26F72 /* ViewModels */,
				B6AD6A132B218E0800D26F72 /* Models */,
				B6AD6A172B218E5B00D26F72 /* Caches */,
				B6AD6A182B218E6100D26F72 /* Extensions */,
				B6AD6A0B2B218D1800D26F72 /* Preview Content */,
			);
			path = "FileManager And NSCache";
			sourceTree = "<group>";
		};
		B6AD6A0B2B218D1800D26F72 /* Preview Content */ = {
			isa = PBXGroup;
			children = (
				B6AD6A0C2B218D1800D26F72 /* Preview Assets.xcassets */,
			);
			path = "Preview Content";
			sourceTree = "<group>";
		};
		B6AD6A132B218E0800D26F72 /* Models */ = {
			isa = PBXGroup;
			children = (
				B6AD6A212B218EE700D26F72 /* FoodItem.swift */,
			);
			path = Models;
			sourceTree = "<group>";
		};
		B6AD6A142B218E1700D26F72 /* ViewModels */ = {
			isa = PBXGroup;
			children = (
				B6AD6A232B218EFC00D26F72 /* MenuViewModel.swift */,
			);
			path = ViewModels;
			sourceTree = "<group>";
		};
		B6AD6A152B218E2000D26F72 /* Views */ = {
			isa = PBXGroup;
			children = (
				B6AD6A072B218D1600D26F72 /* ContentView.swift */,
				B6AD6A252B218F1000D26F72 /* CachedImageView.swift */,
				B6AD6A272B218F2100D26F72 /* FoodItemView.swift */,
			);
			path = Views;
			sourceTree = "<group>";
		};
		B6AD6A162B218E2500D26F72 /* Application */ = {
			isa = PBXGroup;
			children = (
				B6AD6A052B218D1600D26F72 /* FileManager_And_NSCacheApp.swift */,
				B6AD6A092B218D1800D26F72 /* Assets.xcassets */,
			);
			path = Application;
			sourceTree = "<group>";
		};
		B6AD6A172B218E5B00D26F72 /* Caches */ = {
			isa = PBXGroup;
			children = (
				B6AD6A292B218F7C00D26F72 /* FileStorageManager.swift */,
				B6AD6A1B2B218EB200D26F72 /* ImageCacheManager.swift */,
				B6AD6A1D2B218EC300D26F72 /* ImageCacher.swift */,
				B6AD6A1F2B218ED200D26F72 /* ImageRetriever.swift */,
			);
			path = Caches;
			sourceTree = "<group>";
		};
		B6AD6A182B218E6100D26F72 /* Extensions */ = {
			isa = PBXGroup;
			children = (
				B6AD6A192B218E9600D26F72 /* Color+Collection.swift */,
			);
			path = Extensions;
			sourceTree = "<group>";
		};
/* End PBXGroup section */

/* Begin PBXNativeTarget section */
		B6AD6A012B218D1600D26F72 /* FileManager And NSCache */ = {
			isa = PBXNativeTarget;
			buildConfigurationList = B6AD6A102B218D1800D26F72 /* Build configuration list for PBXNativeTarget "FileManager And NSCache" */;
			buildPhases = (
				B6AD69FE2B218D1600D26F72 /* Sources */,
				B6AD69FF2B218D1600D26F72 /* Frameworks */,
				B6AD6A002B218D1600D26F72 /* Resources */,
			);
			buildRules = (
			);
			dependencies = (
			);
			name = "FileManager And NSCache";
			productName = "FileManager And NSCache";
			productReference = B6AD6A022B218D1600D26F72 /* FileManager And NSCache.app */;
			productType = "com.apple.product-type.application";
		};
/* End PBXNativeTarget section */

/* Begin PBXProject section */
		B6AD69FA2B218D1600D26F72 /* Project object */ = {
			isa = PBXProject;
			attributes = {
				BuildIndependentTargetsInParallel = 1;
				LastSwiftUpdateCheck = 1500;
				LastUpgradeCheck = 1500;
				TargetAttributes = {
					B6AD6A012B218D1600D26F72 = {
						CreatedOnToolsVersion = 15.0.1;
					};
				};
			};
			buildConfigurationList = B6AD69FD2B218D1600D26F72 /* Build configuration list for PBXProject "FileManager And NSCache" */;
			compatibilityVersion = "Xcode 14.0";
			developmentRegion = en;
			hasScannedForEncodings = 0;
			knownRegions = (
				en,
				Base,
			);
			mainGroup = B6AD69F92B218D1600D26F72;
			productRefGroup = B6AD6A032B218D1600D26F72 /* Products */;
			projectDirPath = "";
			projectRoot = "";
			targets = (
				B6AD6A012B218D1600D26F72 /* FileManager And NSCache */,
			);
		};
/* End PBXProject section */

/* Begin PBXResourcesBuildPhase section */
		B6AD6A002B218D1600D26F72 /* Resources */ = {
			isa = PBXResourcesBuildPhase;
			buildActionMask = 2147483647;
			files = (
				B6AD6A0D2B218D1800D26F72 /* Preview Assets.xcassets in Resources */,
				B6AD6A0A2B218D1800D26F72 /* Assets.xcassets in Resources */,
			);
			runOnlyForDeploymentPostprocessing = 0;
		};
/* End PBXResourcesBuildPhase section */

/* Begin PBXSourcesBuildPhase section */
		B6AD69FE2B218D1600D26F72 /* Sources */ = {
			isa = PBXSourcesBuildPhase;
			buildActionMask = 2147483647;
			files = (
				B6AD6A222B218EE700D26F72 /* FoodItem.swift in Sources */,
				B6AD6A1C2B218EB200D26F72 /* ImageCacheManager.swift in Sources */,
				B6AD6A082B218D1600D26F72 /* ContentView.swift in Sources */,
				B6AD6A202B218ED200D26F72 /* ImageRetriever.swift in Sources */,
				B6AD6A1E2B218EC300D26F72 /* ImageCacher.swift in Sources */,
				B6AD6A062B218D1600D26F72 /* FileManager_And_NSCacheApp.swift in Sources */,
				B6AD6A1A2B218E9600D26F72 /* Color+Collection.swift in Sources */,
				B6AD6A282B218F2100D26F72 /* FoodItemView.swift in Sources */,
				B6AD6A262B218F1000D26F72 /* CachedImageView.swift in Sources */,
				B6AD6A242B218EFC00D26F72 /* MenuViewModel.swift in Sources */,
				B6AD6A2A2B218F7C00D26F72 /* FileStorageManager.swift in Sources */,
			);
			runOnlyForDeploymentPostprocessing = 0;
		};
/* End PBXSourcesBuildPhase section */

/* Begin XCBuildConfiguration section */
		B6AD6A0E2B218D1800D26F72 /* Debug */ = {
			isa = XCBuildConfiguration;
			buildSettings = {
				ALWAYS_SEARCH_USER_PATHS = NO;
				ASSETCATALOG_COMPILER_GENERATE_SWIFT_ASSET_SYMBOL_EXTENSIONS = YES;
				CLANG_ANALYZER_NONNULL = YES;
				CLANG_ANALYZER_NUMBER_OBJECT_CONVERSION = YES_AGGRESSIVE;
				CLANG_CXX_LANGUAGE_STANDARD = "gnu++20";
				CLANG_ENABLE_MODULES = YES;
				CLANG_ENABLE_OBJC_ARC = YES;
				CLANG_ENABLE_OBJC_WEAK = YES;
				CLANG_WARN_BLOCK_CAPTURE_AUTORELEASING = YES;
				CLANG_WARN_BOOL_CONVERSION = YES;
				CLANG_WARN_COMMA = YES;
				CLANG_WARN_CONSTANT_CONVERSION = YES;
				CLANG_WARN_DEPRECATED_OBJC_IMPLEMENTATIONS = YES;
				CLANG_WARN_DIRECT_OBJC_ISA_USAGE = YES_ERROR;
				CLANG_WARN_DOCUMENTATION_COMMENTS = YES;
				CLANG_WARN_EMPTY_BODY = YES;
				CLANG_WARN_ENUM_CONVERSION = YES;
				CLANG_WARN_INFINITE_RECURSION = YES;
				CLANG_WARN_INT_CONVERSION = YES;
				CLANG_WARN_NON_LITERAL_NULL_CONVERSION = YES;
				CLANG_WARN_OBJC_IMPLICIT_RETAIN_SELF = YES;
				CLANG_WARN_OBJC_LITERAL_CONVERSION = YES;
				CLANG_WARN_OBJC_ROOT_CLASS = YES_ERROR;
				CLANG_WARN_QUOTED_INCLUDE_IN_FRAMEWORK_HEADER = YES;
				CLANG_WARN_RANGE_LOOP_ANALYSIS = YES;
				CLANG_WARN_STRICT_PROTOTYPES = YES;
				CLANG_WARN_SUSPICIOUS_MOVE = YES;
				CLANG_WARN_UNGUARDED_AVAILABILITY = YES_AGGRESSIVE;
				CLANG_WARN_UNREACHABLE_CODE = YES;
				CLANG_WARN__DUPLICATE_METHOD_MATCH = YES;
				COPY_PHASE_STRIP = NO;
				DEBUG_INFORMATION_FORMAT = dwarf;
				ENABLE_STRICT_OBJC_MSGSEND = YES;
				ENABLE_TESTABILITY = YES;
				ENABLE_USER_SCRIPT_SANDBOXING = YES;
				GCC_C_LANGUAGE_STANDARD = gnu17;
				GCC_DYNAMIC_NO_PIC = NO;
				GCC_NO_COMMON_BLOCKS = YES;
				GCC_OPTIMIZATION_LEVEL = 0;
				GCC_PREPROCESSOR_DEFINITIONS = (
					"DEBUG=1",
					"$(inherited)",
				);
				GCC_WARN_64_TO_32_BIT_CONVERSION = YES;
				GCC_WARN_ABOUT_RETURN_TYPE = YES_ERROR;
				GCC_WARN_UNDECLARED_SELECTOR = YES;
				GCC_WARN_UNINITIALIZED_AUTOS = YES_AGGRESSIVE;
				GCC_WARN_UNUSED_FUNCTION = YES;
				GCC_WARN_UNUSED_VARIABLE = YES;
				IPHONEOS_DEPLOYMENT_TARGET = 17.0;
				LOCALIZATION_PREFERS_STRING_CATALOGS = YES;
				MTL_ENABLE_DEBUG_INFO = INCLUDE_SOURCE;
				MTL_FAST_MATH = YES;
				ONLY_ACTIVE_ARCH = YES;
				SDKROOT = iphoneos;
				SWIFT_ACTIVE_COMPILATION_CONDITIONS = "DEBUG $(inherited)";
				SWIFT_OPTIMIZATION_LEVEL = "-Onone";
			};
			name = Debug;
		};
		B6AD6A0F2B218D1800D26F72 /* Release */ = {
			isa = XCBuildConfiguration;
			buildSettings = {
				ALWAYS_SEARCH_USER_PATHS = NO;
				ASSETCATALOG_COMPILER_GENERATE_SWIFT_ASSET_SYMBOL_EXTENSIONS = YES;
				CLANG_ANALYZER_NONNULL = YES;
				CLANG_ANALYZER_NUMBER_OBJECT_CONVERSION = YES_AGGRESSIVE;
				CLANG_CXX_LANGUAGE_STANDARD = "gnu++20";
				CLANG_ENABLE_MODULES = YES;
				CLANG_ENABLE_OBJC_ARC = YES;
				CLANG_ENABLE_OBJC_WEAK = YES;
				CLANG_WARN_BLOCK_CAPTURE_AUTORELEASING = YES;
				CLANG_WARN_BOOL_CONVERSION = YES;
				CLANG_WARN_COMMA = YES;
				CLANG_WARN_CONSTANT_CONVERSION = YES;
				CLANG_WARN_DEPRECATED_OBJC_IMPLEMENTATIONS = YES;
				CLANG_WARN_DIRECT_OBJC_ISA_USAGE = YES_ERROR;
				CLANG_WARN_DOCUMENTATION_COMMENTS = YES;
				CLANG_WARN_EMPTY_BODY = YES;
				CLANG_WARN_ENUM_CONVERSION = YES;
				CLANG_WARN_INFINITE_RECURSION = YES;
				CLANG_WARN_INT_CONVERSION = YES;
				CLANG_WARN_NON_LITERAL_NULL_CONVERSION = YES;
				CLANG_WARN_OBJC_IMPLICIT_RETAIN_SELF = YES;
				CLANG_WARN_OBJC_LITERAL_CONVERSION = YES;
				CLANG_WARN_OBJC_ROOT_CLASS = YES_ERROR;
				CLANG_WARN_QUOTED_INCLUDE_IN_FRAMEWORK_HEADER = YES;
				CLANG_WARN_RANGE_LOOP_ANALYSIS = YES;
				CLANG_WARN_STRICT_PROTOTYPES = YES;
				CLANG_WARN_SUSPICIOUS_MOVE = YES;
				CLANG_WARN_UNGUARDED_AVAILABILITY = YES_AGGRESSIVE;
				CLANG_WARN_UNREACHABLE_CODE = YES;
				CLANG_WARN__DUPLICATE_METHOD_MATCH = YES;
				COPY_PHASE_STRIP = NO;
				DEBUG_INFORMATION_FORMAT = "dwarf-with-dsym";
				ENABLE_NS_ASSERTIONS = NO;
				ENABLE_STRICT_OBJC_MSGSEND = YES;
				ENABLE_USER_SCRIPT_SANDBOXING = YES;
				GCC_C_LANGUAGE_STANDARD = gnu17;
				GCC_NO_COMMON_BLOCKS = YES;
				GCC_WARN_64_TO_32_BIT_CONVERSION = YES;
				GCC_WARN_ABOUT_RETURN_TYPE = YES_ERROR;
				GCC_WARN_UNDECLARED_SELECTOR = YES;
				GCC_WARN_UNINITIALIZED_AUTOS = YES_AGGRESSIVE;
				GCC_WARN_UNUSED_FUNCTION = YES;
				GCC_WARN_UNUSED_VARIABLE = YES;
				IPHONEOS_DEPLOYMENT_TARGET = 17.0;
				LOCALIZATION_PREFERS_STRING_CATALOGS = YES;
				MTL_ENABLE_DEBUG_INFO = NO;
				MTL_FAST_MATH = YES;
				SDKROOT = iphoneos;
				SWIFT_COMPILATION_MODE = wholemodule;
				VALIDATE_PRODUCT = YES;
			};
			name = Release;
		};
		B6AD6A112B218D1800D26F72 /* Debug */ = {
			isa = XCBuildConfiguration;
			buildSettings = {
				ASSETCATALOG_COMPILER_APPICON_NAME = AppIcon;
				ASSETCATALOG_COMPILER_GLOBAL_ACCENT_COLOR_NAME = AccentColor;
				CODE_SIGN_STYLE = Automatic;
				CURRENT_PROJECT_VERSION = 1;
				DEVELOPMENT_ASSET_PATHS = "\"FileManager And NSCache/Preview Content\"";
				DEVELOPMENT_TEAM = 2N64875GLV;
				ENABLE_PREVIEWS = YES;
				ENABLE_USER_SCRIPT_SANDBOXING = NO;
				GENERATE_INFOPLIST_FILE = YES;
				INFOPLIST_KEY_UIApplicationSceneManifest_Generation = YES;
				INFOPLIST_KEY_UIApplicationSupportsIndirectInputEvents = YES;
				INFOPLIST_KEY_UILaunchScreen_Generation = YES;
				INFOPLIST_KEY_UISupportedInterfaceOrientations = UIInterfaceOrientationPortrait;
				INFOPLIST_KEY_UISupportedInterfaceOrientations_iPad = "UIInterfaceOrientationPortrait UIInterfaceOrientationPortraitUpsideDown";
				IPHONEOS_DEPLOYMENT_TARGET = 15.0;
				LD_RUNPATH_SEARCH_PATHS = (
					"$(inherited)",
					"@executable_path/Frameworks",
				);
				MARKETING_VERSION = 1.0;
				PRODUCT_BUNDLE_IDENTIFIER = "com.github.syndicate017.FileManager-And-NSCache";
				PRODUCT_NAME = "$(TARGET_NAME)";
				SUPPORTED_PLATFORMS = "iphoneos iphonesimulator";
				SUPPORTS_MACCATALYST = NO;
				SUPPORTS_MAC_DESIGNED_FOR_IPHONE_IPAD = NO;
				SWIFT_EMIT_LOC_STRINGS = YES;
				SWIFT_VERSION = 5.0;
				TARGETED_DEVICE_FAMILY = "1,2";
			};
			name = Debug;
		};
		B6AD6A122B218D1800D26F72 /* Release */ = {
			isa = XCBuildConfiguration;
			buildSettings = {
				ASSETCATALOG_COMPILER_APPICON_NAME = AppIcon;
				ASSETCATALOG_COMPILER_GLOBAL_ACCENT_COLOR_NAME = AccentColor;
				CODE_SIGN_STYLE = Automatic;
				CURRENT_PROJECT_VERSION = 1;
				DEVELOPMENT_ASSET_PATHS = "\"FileManager And NSCache/Preview Content\"";
				DEVELOPMENT_TEAM = 2N64875GLV;
				ENABLE_PREVIEWS = YES;
				ENABLE_USER_SCRIPT_SANDBOXING = NO;
				GENERATE_INFOPLIST_FILE = YES;
				INFOPLIST_KEY_UIApplicationSceneManifest_Generation = YES;
				INFOPLIST_KEY_UIApplicationSupportsIndirectInputEvents = YES;
				INFOPLIST_KEY_UILaunchScreen_Generation = YES;
				INFOPLIST_KEY_UISupportedInterfaceOrientations = UIInterfaceOrientationPortrait;
				INFOPLIST_KEY_UISupportedInterfaceOrientations_iPad = "UIInterfaceOrientationPortrait UIInterfaceOrientationPortraitUpsideDown";
				IPHONEOS_DEPLOYMENT_TARGET = 15.0;
				LD_RUNPATH_SEARCH_PATHS = (
					"$(inherited)",
					"@executable_path/Frameworks",
				);
				MARKETING_VERSION = 1.0;
				PRODUCT_BUNDLE_IDENTIFIER = "com.github.syndicate017.FileManager-And-NSCache";
				PRODUCT_NAME = "$(TARGET_NAME)";
				SUPPORTED_PLATFORMS = "iphoneos iphonesimulator";
				SUPPORTS_MACCATALYST = NO;
				SUPPORTS_MAC_DESIGNED_FOR_IPHONE_IPAD = NO;
				SWIFT_EMIT_LOC_STRINGS = YES;
				SWIFT_VERSION = 5.0;
				TARGETED_DEVICE_FAMILY = "1,2";
			};
			name = Release;
		};
/* End XCBuildConfiguration section */

/* Begin XCConfigurationList section */
		B6AD69FD2B218D1600D26F72 /* Build configuration list for PBXProject "FileManager And NSCache" */ = {
			isa = XCConfigurationList;
			buildConfigurations = (
				B6AD6A0E2B218D1800D26F72 /* Debug */,
				B6AD6A0F2B218D1800D26F72 /* Release */,
			);
			defaultConfigurationIsVisible = 0;
			defaultConfigurationName = Release;
		};
		B6AD6A102B218D1800D26F72 /* Build configuration list for PBXNativeTarget "FileManager And NSCache" */ = {
			isa = XCConfigurationList;
			buildConfigurations = (
				B6AD6A112B218D1800D26F72 /* Debug */,
				B6AD6A122B218D1800D26F72 /* Release */,
			);
			defaultConfigurationIsVisible = 0;
			defaultConfigurationName = Release;
		};
/* End XCConfigurationList section */
	};
	rootObject = B6AD69FA2B218D1600D26F72 /* Project object */;
}
