// !$*UTF8*$!
{
	archiveVersion = 1;
	classes = {
	};
	objectVersion = 56;
	objects = {

/* Begin PBXBuildFile section */
		B61CB58E2B23D24800ABA457 /* API_Call_MVVMApp.swift in Sources */ = {isa = PBXBuildFile; fileRef = B61CB58D2B23D24800ABA457 /* API_Call_MVVMApp.swift */; };
		B61CB5902B23D24800ABA457 /* ContentView.swift in Sources */ = {isa = PBXBuildFile; fileRef = B61CB58F2B23D24800ABA457 /* ContentView.swift */; };
		B61CB5922B23D24B00ABA457 /* Assets.xcassets in Resources */ = {isa = PBXBuildFile; fileRef = B61CB5912B23D24B00ABA457 /* Assets.xcassets */; };
		B61CB5952B23D24B00ABA457 /* Preview Assets.xcassets in Resources */ = {isa = PBXBuildFile; fileRef = B61CB5942B23D24B00ABA457 /* Preview Assets.xcassets */; };
		B61CB59C2B23D2B400ABA457 /* User.swift in Sources */ = {isa = PBXBuildFile; fileRef = B61CB59B2B23D2B400ABA457 /* User.swift */; };
		B61CB59E2B23D70F00ABA457 /* UserViewModel.swift in Sources */ = {isa = PBXBuildFile; fileRef = B61CB59D2B23D70F00ABA457 /* UserViewModel.swift */; };
		B61CB5A02B23DEB600ABA457 /* UserView.swift in Sources */ = {isa = PBXBuildFile; fileRef = B61CB59F2B23DEB600ABA457 /* UserView.swift */; };
		B61CB5A22B23E7FD00ABA457 /* List+BackgroundColor.swift in Sources */ = {isa = PBXBuildFile; fileRef = B61CB5A12B23E7FD00ABA457 /* List+BackgroundColor.swift */; };
		B61CB5A42B23F84A00ABA457 /* Error+UserError.swift in Sources */ = {isa = PBXBuildFile; fileRef = B61CB5A32B23F84A00ABA457 /* Error+UserError.swift */; };
/* End PBXBuildFile section */

/* Begin PBXFileReference section */
		B61CB58A2B23D24800ABA457 /* API Call MVVM.app */ = {isa = PBXFileReference; explicitFileType = wrapper.application; includeInIndex = 0; path = "API Call MVVM.app"; sourceTree = BUILT_PRODUCTS_DIR; };
		B61CB58D2B23D24800ABA457 /* API_Call_MVVMApp.swift */ = {isa = PBXFileReference; lastKnownFileType = sourcecode.swift; path = API_Call_MVVMApp.swift; sourceTree = "<group>"; };
		B61CB58F2B23D24800ABA457 /* ContentView.swift */ = {isa = PBXFileReference; lastKnownFileType = sourcecode.swift; path = ContentView.swift; sourceTree = "<group>"; };
		B61CB5912B23D24B00ABA457 /* Assets.xcassets */ = {isa = PBXFileReference; lastKnownFileType = folder.assetcatalog; path = Assets.xcassets; sourceTree = "<group>"; };
		B61CB5942B23D24B00ABA457 /* Preview Assets.xcassets */ = {isa = PBXFileReference; lastKnownFileType = folder.assetcatalog; path = "Preview Assets.xcassets"; sourceTree = "<group>"; };
		B61CB59B2B23D2B400ABA457 /* User.swift */ = {isa = PBXFileReference; lastKnownFileType = sourcecode.swift; path = User.swift; sourceTree = "<group>"; };
		B61CB59D2B23D70F00ABA457 /* UserViewModel.swift */ = {isa = PBXFileReference; lastKnownFileType = sourcecode.swift; path = UserViewModel.swift; sourceTree = "<group>"; };
		B61CB59F2B23DEB600ABA457 /* UserView.swift */ = {isa = PBXFileReference; lastKnownFileType = sourcecode.swift; path = UserView.swift; sourceTree = "<group>"; };
		B61CB5A12B23E7FD00ABA457 /* List+BackgroundColor.swift */ = {isa = PBXFileReference; lastKnownFileType = sourcecode.swift; path = "List+BackgroundColor.swift"; sourceTree = "<group>"; };
		B61CB5A32B23F84A00ABA457 /* Error+UserError.swift */ = {isa = PBXFileReference; lastKnownFileType = sourcecode.swift; path = "Error+UserError.swift"; sourceTree = "<group>"; };
/* End PBXFileReference section */

/* Begin PBXFrameworksBuildPhase section */
		B61CB5872B23D24800ABA457 /* Frameworks */ = {
			isa = PBXFrameworksBuildPhase;
			buildActionMask = 2147483647;
			files = (
			);
			runOnlyForDeploymentPostprocessing = 0;
		};
/* End PBXFrameworksBuildPhase section */

/* Begin PBXGroup section */
		B61CB5812B23D24800ABA457 = {
			isa = PBXGroup;
			children = (
				B61CB58C2B23D24800ABA457 /* API Call MVVM */,
				B61CB58B2B23D24800ABA457 /* Products */,
			);
			sourceTree = "<group>";
		};
		B61CB58B2B23D24800ABA457 /* Products */ = {
			isa = PBXGroup;
			children = (
				B61CB58A2B23D24800ABA457 /* API Call MVVM.app */,
			);
			name = Products;
			sourceTree = "<group>";
		};
		B61CB58C2B23D24800ABA457 /* API Call MVVM */ = {
			isa = PBXGroup;
			children = (
				B61CB58D2B23D24800ABA457 /* API_Call_MVVMApp.swift */,
				B61CB58F2B23D24800ABA457 /* ContentView.swift */,
				B61CB59F2B23DEB600ABA457 /* UserView.swift */,
				B61CB59D2B23D70F00ABA457 /* UserViewModel.swift */,
				B61CB59B2B23D2B400ABA457 /* User.swift */,
				B61CB5A32B23F84A00ABA457 /* Error+UserError.swift */,
				B61CB5A12B23E7FD00ABA457 /* List+BackgroundColor.swift */,
				B61CB5912B23D24B00ABA457 /* Assets.xcassets */,
				B61CB5932B23D24B00ABA457 /* Preview Content */,
			);
			path = "API Call MVVM";
			sourceTree = "<group>";
		};
		B61CB5932B23D24B00ABA457 /* Preview Content */ = {
			isa = PBXGroup;
			children = (
				B61CB5942B23D24B00ABA457 /* Preview Assets.xcassets */,
			);
			path = "Preview Content";
			sourceTree = "<group>";
		};
/* End PBXGroup section */

/* Begin PBXNativeTarget section */
		B61CB5892B23D24800ABA457 /* API Call MVVM */ = {
			isa = PBXNativeTarget;
			buildConfigurationList = B61CB5982B23D24B00ABA457 /* Build configuration list for PBXNativeTarget "API Call MVVM" */;
			buildPhases = (
				B61CB5862B23D24800ABA457 /* Sources */,
				B61CB5872B23D24800ABA457 /* Frameworks */,
				B61CB5882B23D24800ABA457 /* Resources */,
			);
			buildRules = (
			);
			dependencies = (
			);
			name = "API Call MVVM";
			productName = "API Call MVVM";
			productReference = B61CB58A2B23D24800ABA457 /* API Call MVVM.app */;
			productType = "com.apple.product-type.application";
		};
/* End PBXNativeTarget section */

/* Begin PBXProject section */
		B61CB5822B23D24800ABA457 /* Project object */ = {
			isa = PBXProject;
			attributes = {
				BuildIndependentTargetsInParallel = 1;
				LastSwiftUpdateCheck = 1500;
				LastUpgradeCheck = 1500;
				TargetAttributes = {
					B61CB5892B23D24800ABA457 = {
						CreatedOnToolsVersion = 15.0.1;
					};
				};
			};
			buildConfigurationList = B61CB5852B23D24800ABA457 /* Build configuration list for PBXProject "API Call MVVM" */;
			compatibilityVersion = "Xcode 14.0";
			developmentRegion = en;
			hasScannedForEncodings = 0;
			knownRegions = (
				en,
				Base,
			);
			mainGroup = B61CB5812B23D24800ABA457;
			productRefGroup = B61CB58B2B23D24800ABA457 /* Products */;
			projectDirPath = "";
			projectRoot = "";
			targets = (
				B61CB5892B23D24800ABA457 /* API Call MVVM */,
			);
		};
/* End PBXProject section */

/* Begin PBXResourcesBuildPhase section */
		B61CB5882B23D24800ABA457 /* Resources */ = {
			isa = PBXResourcesBuildPhase;
			buildActionMask = 2147483647;
			files = (
				B61CB5952B23D24B00ABA457 /* Preview Assets.xcassets in Resources */,
				B61CB5922B23D24B00ABA457 /* Assets.xcassets in Resources */,
			);
			runOnlyForDeploymentPostprocessing = 0;
		};
/* End PBXResourcesBuildPhase section */

/* Begin PBXSourcesBuildPhase section */
		B61CB5862B23D24800ABA457 /* Sources */ = {
			isa = PBXSourcesBuildPhase;
			buildActionMask = 2147483647;
			files = (
				B61CB5A42B23F84A00ABA457 /* Error+UserError.swift in Sources */,
				B61CB5902B23D24800ABA457 /* ContentView.swift in Sources */,
				B61CB5A22B23E7FD00ABA457 /* List+BackgroundColor.swift in Sources */,
				B61CB59E2B23D70F00ABA457 /* UserViewModel.swift in Sources */,
				B61CB5A02B23DEB600ABA457 /* UserView.swift in Sources */,
				B61CB58E2B23D24800ABA457 /* API_Call_MVVMApp.swift in Sources */,
				B61CB59C2B23D2B400ABA457 /* User.swift in Sources */,
			);
			runOnlyForDeploymentPostprocessing = 0;
		};
/* End PBXSourcesBuildPhase section */

/* Begin XCBuildConfiguration section */
		B61CB5962B23D24B00ABA457 /* Debug */ = {
			isa = XCBuildConfiguration;
			buildSettings = {
				ALWAYS_SEARCH_USER_PATHS = NO;
				ASSETCATALOG_COMPILER_GENERATE_SWIFT_ASSET_SYMBOL_EXTENSIONS = YES;
				CLANG_ANALYZER_NONNULL = YES;
				CLANG_ANALYZER_NUMBER_OBJECT_CONVERSION = YES_AGGRESSIVE;
				CLANG_CXX_LANGUAGE_STANDARD = "gnu++20";
				CLANG_ENABLE_MODULES = YES;
				CLANG_ENABLE_OBJC_ARC = YES;
				CLANG_ENABLE_OBJC_WEAK = YES;
				CLANG_WARN_BLOCK_CAPTURE_AUTORELEASING = YES;
				CLANG_WARN_BOOL_CONVERSION = YES;
				CLANG_WARN_COMMA = YES;
				CLANG_WARN_CONSTANT_CONVERSION = YES;
				CLANG_WARN_DEPRECATED_OBJC_IMPLEMENTATIONS = YES;
				CLANG_WARN_DIRECT_OBJC_ISA_USAGE = YES_ERROR;
				CLANG_WARN_DOCUMENTATION_COMMENTS = YES;
				CLANG_WARN_EMPTY_BODY = YES;
				CLANG_WARN_ENUM_CONVERSION = YES;
				CLANG_WARN_INFINITE_RECURSION = YES;
				CLANG_WARN_INT_CONVERSION = YES;
				CLANG_WARN_NON_LITERAL_NULL_CONVERSION = YES;
				CLANG_WARN_OBJC_IMPLICIT_RETAIN_SELF = YES;
				CLANG_WARN_OBJC_LITERAL_CONVERSION = YES;
				CLANG_WARN_OBJC_ROOT_CLASS = YES_ERROR;
				CLANG_WARN_QUOTED_INCLUDE_IN_FRAMEWORK_HEADER = YES;
				CLANG_WARN_RANGE_LOOP_ANALYSIS = YES;
				CLANG_WARN_STRICT_PROTOTYPES = YES;
				CLANG_WARN_SUSPICIOUS_MOVE = YES;
				CLANG_WARN_UNGUARDED_AVAILABILITY = YES_AGGRESSIVE;
				CLANG_WARN_UNREACHABLE_CODE = YES;
				CLANG_WARN__DUPLICATE_METHOD_MATCH = YES;
				COPY_PHASE_STRIP = NO;
				DEBUG_INFORMATION_FORMAT = dwarf;
				ENABLE_STRICT_OBJC_MSGSEND = YES;
				ENABLE_TESTABILITY = YES;
				ENABLE_USER_SCRIPT_SANDBOXING = YES;
				GCC_C_LANGUAGE_STANDARD = gnu17;
				GCC_DYNAMIC_NO_PIC = NO;
				GCC_NO_COMMON_BLOCKS = YES;
				GCC_OPTIMIZATION_LEVEL = 0;
				GCC_PREPROCESSOR_DEFINITIONS = (
					"DEBUG=1",
					"$(inherited)",
				);
				GCC_WARN_64_TO_32_BIT_CONVERSION = YES;
				GCC_WARN_ABOUT_RETURN_TYPE = YES_ERROR;
				GCC_WARN_UNDECLARED_SELECTOR = YES;
				GCC_WARN_UNINITIALIZED_AUTOS = YES_AGGRESSIVE;
				GCC_WARN_UNUSED_FUNCTION = YES;
				GCC_WARN_UNUSED_VARIABLE = YES;
				IPHONEOS_DEPLOYMENT_TARGET = 17.0;
				LOCALIZATION_PREFERS_STRING_CATALOGS = YES;
				MTL_ENABLE_DEBUG_INFO = INCLUDE_SOURCE;
				MTL_FAST_MATH = YES;
				ONLY_ACTIVE_ARCH = YES;
				SDKROOT = iphoneos;
				SWIFT_ACTIVE_COMPILATION_CONDITIONS = "DEBUG $(inherited)";
				SWIFT_OPTIMIZATION_LEVEL = "-Onone";
			};
			name = Debug;
		};
		B61CB5972B23D24B00ABA457 /* Release */ = {
			isa = XCBuildConfiguration;
			buildSettings = {
				ALWAYS_SEARCH_USER_PATHS = NO;
				ASSETCATALOG_COMPILER_GENERATE_SWIFT_ASSET_SYMBOL_EXTENSIONS = YES;
				CLANG_ANALYZER_NONNULL = YES;
				CLANG_ANALYZER_NUMBER_OBJECT_CONVERSION = YES_AGGRESSIVE;
				CLANG_CXX_LANGUAGE_STANDARD = "gnu++20";
				CLANG_ENABLE_MODULES = YES;
				CLANG_ENABLE_OBJC_ARC = YES;
				CLANG_ENABLE_OBJC_WEAK = YES;
				CLANG_WARN_BLOCK_CAPTURE_AUTORELEASING = YES;
				CLANG_WARN_BOOL_CONVERSION = YES;
				CLANG_WARN_COMMA = YES;
				CLANG_WARN_CONSTANT_CONVERSION = YES;
				CLANG_WARN_DEPRECATED_OBJC_IMPLEMENTATIONS = YES;
				CLANG_WARN_DIRECT_OBJC_ISA_USAGE = YES_ERROR;
				CLANG_WARN_DOCUMENTATION_COMMENTS = YES;
				CLANG_WARN_EMPTY_BODY = YES;
				CLANG_WARN_ENUM_CONVERSION = YES;
				CLANG_WARN_INFINITE_RECURSION = YES;
				CLANG_WARN_INT_CONVERSION = YES;
				CLANG_WARN_NON_LITERAL_NULL_CONVERSION = YES;
				CLANG_WARN_OBJC_IMPLICIT_RETAIN_SELF = YES;
				CLANG_WARN_OBJC_LITERAL_CONVERSION = YES;
				CLANG_WARN_OBJC_ROOT_CLASS = YES_ERROR;
				CLANG_WARN_QUOTED_INCLUDE_IN_FRAMEWORK_HEADER = YES;
				CLANG_WARN_RANGE_LOOP_ANALYSIS = YES;
				CLANG_WARN_STRICT_PROTOTYPES = YES;
				CLANG_WARN_SUSPICIOUS_MOVE = YES;
				CLANG_WARN_UNGUARDED_AVAILABILITY = YES_AGGRESSIVE;
				CLANG_WARN_UNREACHABLE_CODE = YES;
				CLANG_WARN__DUPLICATE_METHOD_MATCH = YES;
				COPY_PHASE_STRIP = NO;
				DEBUG_INFORMATION_FORMAT = "dwarf-with-dsym";
				ENABLE_NS_ASSERTIONS = NO;
				ENABLE_STRICT_OBJC_MSGSEND = YES;
				ENABLE_USER_SCRIPT_SANDBOXING = YES;
				GCC_C_LANGUAGE_STANDARD = gnu17;
				GCC_NO_COMMON_BLOCKS = YES;
				GCC_WARN_64_TO_32_BIT_CONVERSION = YES;
				GCC_WARN_ABOUT_RETURN_TYPE = YES_ERROR;
				GCC_WARN_UNDECLARED_SELECTOR = YES;
				GCC_WARN_UNINITIALIZED_AUTOS = YES_AGGRESSIVE;
				GCC_WARN_UNUSED_FUNCTION = YES;
				GCC_WARN_UNUSED_VARIABLE = YES;
				IPHONEOS_DEPLOYMENT_TARGET = 17.0;
				LOCALIZATION_PREFERS_STRING_CATALOGS = YES;
				MTL_ENABLE_DEBUG_INFO = NO;
				MTL_FAST_MATH = YES;
				SDKROOT = iphoneos;
				SWIFT_COMPILATION_MODE = wholemodule;
				VALIDATE_PRODUCT = YES;
			};
			name = Release;
		};
		B61CB5992B23D24B00ABA457 /* Debug */ = {
			isa = XCBuildConfiguration;
			buildSettings = {
				ASSETCATALOG_COMPILER_APPICON_NAME = AppIcon;
				ASSETCATALOG_COMPILER_GLOBAL_ACCENT_COLOR_NAME = AccentColor;
				CODE_SIGN_STYLE = Automatic;
				CURRENT_PROJECT_VERSION = 1;
				DEVELOPMENT_ASSET_PATHS = "\"API Call MVVM/Preview Content\"";
				DEVELOPMENT_TEAM = 2N64875GLV;
				ENABLE_PREVIEWS = YES;
				ENABLE_USER_SCRIPT_SANDBOXING = NO;
				GENERATE_INFOPLIST_FILE = YES;
				INFOPLIST_KEY_UIApplicationSceneManifest_Generation = YES;
				INFOPLIST_KEY_UIApplicationSupportsIndirectInputEvents = YES;
				INFOPLIST_KEY_UILaunchScreen_Generation = YES;
				INFOPLIST_KEY_UISupportedInterfaceOrientations = UIInterfaceOrientationPortrait;
				INFOPLIST_KEY_UISupportedInterfaceOrientations_iPad = "UIInterfaceOrientationPortrait UIInterfaceOrientationPortraitUpsideDown";
				IPHONEOS_DEPLOYMENT_TARGET = 15.0;
				LD_RUNPATH_SEARCH_PATHS = (
					"$(inherited)",
					"@executable_path/Frameworks",
				);
				MARKETING_VERSION = 1.0;
				PRODUCT_BUNDLE_IDENTIFIER = "com.github.syndicate017.API-Call-MVVM";
				PRODUCT_NAME = "$(TARGET_NAME)";
				SUPPORTED_PLATFORMS = "iphoneos iphonesimulator";
				SUPPORTS_MACCATALYST = NO;
				SUPPORTS_MAC_DESIGNED_FOR_IPHONE_IPAD = NO;
				SWIFT_EMIT_LOC_STRINGS = YES;
				SWIFT_VERSION = 5.0;
				TARGETED_DEVICE_FAMILY = "1,2";
			};
			name = Debug;
		};
		B61CB59A2B23D24B00ABA457 /* Release */ = {
			isa = XCBuildConfiguration;
			buildSettings = {
				ASSETCATALOG_COMPILER_APPICON_NAME = AppIcon;
				ASSETCATALOG_COMPILER_GLOBAL_ACCENT_COLOR_NAME = AccentColor;
				CODE_SIGN_STYLE = Automatic;
				CURRENT_PROJECT_VERSION = 1;
				DEVELOPMENT_ASSET_PATHS = "\"API Call MVVM/Preview Content\"";
				DEVELOPMENT_TEAM = 2N64875GLV;
				ENABLE_PREVIEWS = YES;
				ENABLE_USER_SCRIPT_SANDBOXING = NO;
				GENERATE_INFOPLIST_FILE = YES;
				INFOPLIST_KEY_UIApplicationSceneManifest_Generation = YES;
				INFOPLIST_KEY_UIApplicationSupportsIndirectInputEvents = YES;
				INFOPLIST_KEY_UILaunchScreen_Generation = YES;
				INFOPLIST_KEY_UISupportedInterfaceOrientations = UIInterfaceOrientationPortrait;
				INFOPLIST_KEY_UISupportedInterfaceOrientations_iPad = "UIInterfaceOrientationPortrait UIInterfaceOrientationPortraitUpsideDown";
				IPHONEOS_DEPLOYMENT_TARGET = 15.0;
				LD_RUNPATH_SEARCH_PATHS = (
					"$(inherited)",
					"@executable_path/Frameworks",
				);
				MARKETING_VERSION = 1.0;
				PRODUCT_BUNDLE_IDENTIFIER = "com.github.syndicate017.API-Call-MVVM";
				PRODUCT_NAME = "$(TARGET_NAME)";
				SUPPORTED_PLATFORMS = "iphoneos iphonesimulator";
				SUPPORTS_MACCATALYST = NO;
				SUPPORTS_MAC_DESIGNED_FOR_IPHONE_IPAD = NO;
				SWIFT_EMIT_LOC_STRINGS = YES;
				SWIFT_VERSION = 5.0;
				TARGETED_DEVICE_FAMILY = "1,2";
			};
			name = Release;
		};
/* End XCBuildConfiguration section */

/* Begin XCConfigurationList section */
		B61CB5852B23D24800ABA457 /* Build configuration list for PBXProject "API Call MVVM" */ = {
			isa = XCConfigurationList;
			buildConfigurations = (
				B61CB5962B23D24B00ABA457 /* Debug */,
				B61CB5972B23D24B00ABA457 /* Release */,
			);
			defaultConfigurationIsVisible = 0;
			defaultConfigurationName = Release;
		};
		B61CB5982B23D24B00ABA457 /* Build configuration list for PBXNativeTarget "API Call MVVM" */ = {
			isa = XCConfigurationList;
			buildConfigurations = (
				B61CB5992B23D24B00ABA457 /* Debug */,
				B61CB59A2B23D24B00ABA457 /* Release */,
			);
			defaultConfigurationIsVisible = 0;
			defaultConfigurationName = Release;
		};
/* End XCConfigurationList section */
	};
	rootObject = B61CB5822B23D24800ABA457 /* Project object */;
}
