// !$*UTF8*$!
{
	archiveVersion = 1;
	classes = {
	};
	objectVersion = 56;
	objects = {

/* Begin PBXBuildFile section */
		B67F7A2B2B1C470B009B72D7 /* Form_FocusState_In_SwiftUIApp.swift in Sources */ = {isa = PBXBuildFile; fileRef = B67F7A2A2B1C470B009B72D7 /* Form_FocusState_In_SwiftUIApp.swift */; };
		B67F7A2D2B1C470B009B72D7 /* ContentView.swift in Sources */ = {isa = PBXBuildFile; fileRef = B67F7A2C2B1C470B009B72D7 /* ContentView.swift */; };
		B67F7A2F2B1C470E009B72D7 /* Assets.xcassets in Resources */ = {isa = PBXBuildFile; fileRef = B67F7A2E2B1C470E009B72D7 /* Assets.xcassets */; };
		B67F7A322B1C470E009B72D7 /* Preview Assets.xcassets in Resources */ = {isa = PBXBuildFile; fileRef = B67F7A312B1C470E009B72D7 /* Preview Assets.xcassets */; };
		B67F7A392B1C47B1009B72D7 /* Occupyable+isNotEmpty.swift in Sources */ = {isa = PBXBuildFile; fileRef = B67F7A382B1C47B1009B72D7 /* Occupyable+isNotEmpty.swift */; };
		B67F7A3B2B1C47DC009B72D7 /* AddContactView.swift in Sources */ = {isa = PBXBuildFile; fileRef = B67F7A3A2B1C47DC009B72D7 /* AddContactView.swift */; };
		B67F7A3D2B1C47F5009B72D7 /* ContactInfoView.swift in Sources */ = {isa = PBXBuildFile; fileRef = B67F7A3C2B1C47F5009B72D7 /* ContactInfoView.swift */; };
		B67F7A3F2B1C4812009B72D7 /* ContactViewModel.swift in Sources */ = {isa = PBXBuildFile; fileRef = B67F7A3E2B1C4812009B72D7 /* ContactViewModel.swift */; };
		B67F7A412B1C4821009B72D7 /* Contact.swift in Sources */ = {isa = PBXBuildFile; fileRef = B67F7A402B1C4821009B72D7 /* Contact.swift */; };
/* End PBXBuildFile section */

/* Begin PBXFileReference section */
		B67F7A272B1C470B009B72D7 /* Form FocusState In SwiftUI.app */ = {isa = PBXFileReference; explicitFileType = wrapper.application; includeInIndex = 0; path = "Form FocusState In SwiftUI.app"; sourceTree = BUILT_PRODUCTS_DIR; };
		B67F7A2A2B1C470B009B72D7 /* Form_FocusState_In_SwiftUIApp.swift */ = {isa = PBXFileReference; lastKnownFileType = sourcecode.swift; path = Form_FocusState_In_SwiftUIApp.swift; sourceTree = "<group>"; };
		B67F7A2C2B1C470B009B72D7 /* ContentView.swift */ = {isa = PBXFileReference; lastKnownFileType = sourcecode.swift; path = ContentView.swift; sourceTree = "<group>"; };
		B67F7A2E2B1C470E009B72D7 /* Assets.xcassets */ = {isa = PBXFileReference; lastKnownFileType = folder.assetcatalog; path = Assets.xcassets; sourceTree = "<group>"; };
		B67F7A312B1C470E009B72D7 /* Preview Assets.xcassets */ = {isa = PBXFileReference; lastKnownFileType = folder.assetcatalog; path = "Preview Assets.xcassets"; sourceTree = "<group>"; };
		B67F7A382B1C47B1009B72D7 /* Occupyable+isNotEmpty.swift */ = {isa = PBXFileReference; lastKnownFileType = sourcecode.swift; path = "Occupyable+isNotEmpty.swift"; sourceTree = "<group>"; };
		B67F7A3A2B1C47DC009B72D7 /* AddContactView.swift */ = {isa = PBXFileReference; lastKnownFileType = sourcecode.swift; path = AddContactView.swift; sourceTree = "<group>"; };
		B67F7A3C2B1C47F5009B72D7 /* ContactInfoView.swift */ = {isa = PBXFileReference; lastKnownFileType = sourcecode.swift; path = ContactInfoView.swift; sourceTree = "<group>"; };
		B67F7A3E2B1C4812009B72D7 /* ContactViewModel.swift */ = {isa = PBXFileReference; lastKnownFileType = sourcecode.swift; path = ContactViewModel.swift; sourceTree = "<group>"; };
		B67F7A402B1C4821009B72D7 /* Contact.swift */ = {isa = PBXFileReference; lastKnownFileType = sourcecode.swift; path = Contact.swift; sourceTree = "<group>"; };
/* End PBXFileReference section */

/* Begin PBXFrameworksBuildPhase section */
		B67F7A242B1C470B009B72D7 /* Frameworks */ = {
			isa = PBXFrameworksBuildPhase;
			buildActionMask = 2147483647;
			files = (
			);
			runOnlyForDeploymentPostprocessing = 0;
		};
/* End PBXFrameworksBuildPhase section */

/* Begin PBXGroup section */
		B67F7A1E2B1C470B009B72D7 = {
			isa = PBXGroup;
			children = (
				B67F7A292B1C470B009B72D7 /* Form FocusState In SwiftUI */,
				B67F7A282B1C470B009B72D7 /* Products */,
			);
			sourceTree = "<group>";
		};
		B67F7A282B1C470B009B72D7 /* Products */ = {
			isa = PBXGroup;
			children = (
				B67F7A272B1C470B009B72D7 /* Form FocusState In SwiftUI.app */,
			);
			name = Products;
			sourceTree = "<group>";
		};
		B67F7A292B1C470B009B72D7 /* Form FocusState In SwiftUI */ = {
			isa = PBXGroup;
			children = (
				B67F7A2A2B1C470B009B72D7 /* Form_FocusState_In_SwiftUIApp.swift */,
				B67F7A2C2B1C470B009B72D7 /* ContentView.swift */,
				B67F7A3A2B1C47DC009B72D7 /* AddContactView.swift */,
				B67F7A3C2B1C47F5009B72D7 /* ContactInfoView.swift */,
				B67F7A3E2B1C4812009B72D7 /* ContactViewModel.swift */,
				B67F7A402B1C4821009B72D7 /* Contact.swift */,
				B67F7A382B1C47B1009B72D7 /* Occupyable+isNotEmpty.swift */,
				B67F7A2E2B1C470E009B72D7 /* Assets.xcassets */,
				B67F7A302B1C470E009B72D7 /* Preview Content */,
			);
			path = "Form FocusState In SwiftUI";
			sourceTree = "<group>";
		};
		B67F7A302B1C470E009B72D7 /* Preview Content */ = {
			isa = PBXGroup;
			children = (
				B67F7A312B1C470E009B72D7 /* Preview Assets.xcassets */,
			);
			path = "Preview Content";
			sourceTree = "<group>";
		};
/* End PBXGroup section */

/* Begin PBXNativeTarget section */
		B67F7A262B1C470B009B72D7 /* Form FocusState In SwiftUI */ = {
			isa = PBXNativeTarget;
			buildConfigurationList = B67F7A352B1C470E009B72D7 /* Build configuration list for PBXNativeTarget "Form FocusState In SwiftUI" */;
			buildPhases = (
				B67F7A232B1C470B009B72D7 /* Sources */,
				B67F7A242B1C470B009B72D7 /* Frameworks */,
				B67F7A252B1C470B009B72D7 /* Resources */,
			);
			buildRules = (
			);
			dependencies = (
			);
			name = "Form FocusState In SwiftUI";
			productName = "Form FocusState In SwiftUI";
			productReference = B67F7A272B1C470B009B72D7 /* Form FocusState In SwiftUI.app */;
			productType = "com.apple.product-type.application";
		};
/* End PBXNativeTarget section */

/* Begin PBXProject section */
		B67F7A1F2B1C470B009B72D7 /* Project object */ = {
			isa = PBXProject;
			attributes = {
				BuildIndependentTargetsInParallel = 1;
				LastSwiftUpdateCheck = 1500;
				LastUpgradeCheck = 1500;
				TargetAttributes = {
					B67F7A262B1C470B009B72D7 = {
						CreatedOnToolsVersion = 15.0.1;
					};
				};
			};
			buildConfigurationList = B67F7A222B1C470B009B72D7 /* Build configuration list for PBXProject "Form FocusState In SwiftUI" */;
			compatibilityVersion = "Xcode 14.0";
			developmentRegion = en;
			hasScannedForEncodings = 0;
			knownRegions = (
				en,
				Base,
			);
			mainGroup = B67F7A1E2B1C470B009B72D7;
			productRefGroup = B67F7A282B1C470B009B72D7 /* Products */;
			projectDirPath = "";
			projectRoot = "";
			targets = (
				B67F7A262B1C470B009B72D7 /* Form FocusState In SwiftUI */,
			);
		};
/* End PBXProject section */

/* Begin PBXResourcesBuildPhase section */
		B67F7A252B1C470B009B72D7 /* Resources */ = {
			isa = PBXResourcesBuildPhase;
			buildActionMask = 2147483647;
			files = (
				B67F7A322B1C470E009B72D7 /* Preview Assets.xcassets in Resources */,
				B67F7A2F2B1C470E009B72D7 /* Assets.xcassets in Resources */,
			);
			runOnlyForDeploymentPostprocessing = 0;
		};
/* End PBXResourcesBuildPhase section */

/* Begin PBXSourcesBuildPhase section */
		B67F7A232B1C470B009B72D7 /* Sources */ = {
			isa = PBXSourcesBuildPhase;
			buildActionMask = 2147483647;
			files = (
				B67F7A392B1C47B1009B72D7 /* Occupyable+isNotEmpty.swift in Sources */,
				B67F7A3F2B1C4812009B72D7 /* ContactViewModel.swift in Sources */,
				B67F7A2D2B1C470B009B72D7 /* ContentView.swift in Sources */,
				B67F7A2B2B1C470B009B72D7 /* Form_FocusState_In_SwiftUIApp.swift in Sources */,
				B67F7A3B2B1C47DC009B72D7 /* AddContactView.swift in Sources */,
				B67F7A3D2B1C47F5009B72D7 /* ContactInfoView.swift in Sources */,
				B67F7A412B1C4821009B72D7 /* Contact.swift in Sources */,
			);
			runOnlyForDeploymentPostprocessing = 0;
		};
/* End PBXSourcesBuildPhase section */

/* Begin XCBuildConfiguration section */
		B67F7A332B1C470E009B72D7 /* Debug */ = {
			isa = XCBuildConfiguration;
			buildSettings = {
				ALWAYS_SEARCH_USER_PATHS = NO;
				ASSETCATALOG_COMPILER_GENERATE_SWIFT_ASSET_SYMBOL_EXTENSIONS = YES;
				CLANG_ANALYZER_NONNULL = YES;
				CLANG_ANALYZER_NUMBER_OBJECT_CONVERSION = YES_AGGRESSIVE;
				CLANG_CXX_LANGUAGE_STANDARD = "gnu++20";
				CLANG_ENABLE_MODULES = YES;
				CLANG_ENABLE_OBJC_ARC = YES;
				CLANG_ENABLE_OBJC_WEAK = YES;
				CLANG_WARN_BLOCK_CAPTURE_AUTORELEASING = YES;
				CLANG_WARN_BOOL_CONVERSION = YES;
				CLANG_WARN_COMMA = YES;
				CLANG_WARN_CONSTANT_CONVERSION = YES;
				CLANG_WARN_DEPRECATED_OBJC_IMPLEMENTATIONS = YES;
				CLANG_WARN_DIRECT_OBJC_ISA_USAGE = YES_ERROR;
				CLANG_WARN_DOCUMENTATION_COMMENTS = YES;
				CLANG_WARN_EMPTY_BODY = YES;
				CLANG_WARN_ENUM_CONVERSION = YES;
				CLANG_WARN_INFINITE_RECURSION = YES;
				CLANG_WARN_INT_CONVERSION = YES;
				CLANG_WARN_NON_LITERAL_NULL_CONVERSION = YES;
				CLANG_WARN_OBJC_IMPLICIT_RETAIN_SELF = YES;
				CLANG_WARN_OBJC_LITERAL_CONVERSION = YES;
				CLANG_WARN_OBJC_ROOT_CLASS = YES_ERROR;
				CLANG_WARN_QUOTED_INCLUDE_IN_FRAMEWORK_HEADER = YES;
				CLANG_WARN_RANGE_LOOP_ANALYSIS = YES;
				CLANG_WARN_STRICT_PROTOTYPES = YES;
				CLANG_WARN_SUSPICIOUS_MOVE = YES;
				CLANG_WARN_UNGUARDED_AVAILABILITY = YES_AGGRESSIVE;
				CLANG_WARN_UNREACHABLE_CODE = YES;
				CLANG_WARN__DUPLICATE_METHOD_MATCH = YES;
				COPY_PHASE_STRIP = NO;
				DEBUG_INFORMATION_FORMAT = dwarf;
				ENABLE_STRICT_OBJC_MSGSEND = YES;
				ENABLE_TESTABILITY = YES;
				ENABLE_USER_SCRIPT_SANDBOXING = YES;
				GCC_C_LANGUAGE_STANDARD = gnu17;
				GCC_DYNAMIC_NO_PIC = NO;
				GCC_NO_COMMON_BLOCKS = YES;
				GCC_OPTIMIZATION_LEVEL = 0;
				GCC_PREPROCESSOR_DEFINITIONS = (
					"DEBUG=1",
					"$(inherited)",
				);
				GCC_WARN_64_TO_32_BIT_CONVERSION = YES;
				GCC_WARN_ABOUT_RETURN_TYPE = YES_ERROR;
				GCC_WARN_UNDECLARED_SELECTOR = YES;
				GCC_WARN_UNINITIALIZED_AUTOS = YES_AGGRESSIVE;
				GCC_WARN_UNUSED_FUNCTION = YES;
				GCC_WARN_UNUSED_VARIABLE = YES;
				IPHONEOS_DEPLOYMENT_TARGET = 17.0;
				LOCALIZATION_PREFERS_STRING_CATALOGS = YES;
				MTL_ENABLE_DEBUG_INFO = INCLUDE_SOURCE;
				MTL_FAST_MATH = YES;
				ONLY_ACTIVE_ARCH = YES;
				SDKROOT = iphoneos;
				SWIFT_ACTIVE_COMPILATION_CONDITIONS = "DEBUG $(inherited)";
				SWIFT_OPTIMIZATION_LEVEL = "-Onone";
			};
			name = Debug;
		};
		B67F7A342B1C470E009B72D7 /* Release */ = {
			isa = XCBuildConfiguration;
			buildSettings = {
				ALWAYS_SEARCH_USER_PATHS = NO;
				ASSETCATALOG_COMPILER_GENERATE_SWIFT_ASSET_SYMBOL_EXTENSIONS = YES;
				CLANG_ANALYZER_NONNULL = YES;
				CLANG_ANALYZER_NUMBER_OBJECT_CONVERSION = YES_AGGRESSIVE;
				CLANG_CXX_LANGUAGE_STANDARD = "gnu++20";
				CLANG_ENABLE_MODULES = YES;
				CLANG_ENABLE_OBJC_ARC = YES;
				CLANG_ENABLE_OBJC_WEAK = YES;
				CLANG_WARN_BLOCK_CAPTURE_AUTORELEASING = YES;
				CLANG_WARN_BOOL_CONVERSION = YES;
				CLANG_WARN_COMMA = YES;
				CLANG_WARN_CONSTANT_CONVERSION = YES;
				CLANG_WARN_DEPRECATED_OBJC_IMPLEMENTATIONS = YES;
				CLANG_WARN_DIRECT_OBJC_ISA_USAGE = YES_ERROR;
				CLANG_WARN_DOCUMENTATION_COMMENTS = YES;
				CLANG_WARN_EMPTY_BODY = YES;
				CLANG_WARN_ENUM_CONVERSION = YES;
				CLANG_WARN_INFINITE_RECURSION = YES;
				CLANG_WARN_INT_CONVERSION = YES;
				CLANG_WARN_NON_LITERAL_NULL_CONVERSION = YES;
				CLANG_WARN_OBJC_IMPLICIT_RETAIN_SELF = YES;
				CLANG_WARN_OBJC_LITERAL_CONVERSION = YES;
				CLANG_WARN_OBJC_ROOT_CLASS = YES_ERROR;
				CLANG_WARN_QUOTED_INCLUDE_IN_FRAMEWORK_HEADER = YES;
				CLANG_WARN_RANGE_LOOP_ANALYSIS = YES;
				CLANG_WARN_STRICT_PROTOTYPES = YES;
				CLANG_WARN_SUSPICIOUS_MOVE = YES;
				CLANG_WARN_UNGUARDED_AVAILABILITY = YES_AGGRESSIVE;
				CLANG_WARN_UNREACHABLE_CODE = YES;
				CLANG_WARN__DUPLICATE_METHOD_MATCH = YES;
				COPY_PHASE_STRIP = NO;
				DEBUG_INFORMATION_FORMAT = "dwarf-with-dsym";
				ENABLE_NS_ASSERTIONS = NO;
				ENABLE_STRICT_OBJC_MSGSEND = YES;
				ENABLE_USER_SCRIPT_SANDBOXING = YES;
				GCC_C_LANGUAGE_STANDARD = gnu17;
				GCC_NO_COMMON_BLOCKS = YES;
				GCC_WARN_64_TO_32_BIT_CONVERSION = YES;
				GCC_WARN_ABOUT_RETURN_TYPE = YES_ERROR;
				GCC_WARN_UNDECLARED_SELECTOR = YES;
				GCC_WARN_UNINITIALIZED_AUTOS = YES_AGGRESSIVE;
				GCC_WARN_UNUSED_FUNCTION = YES;
				GCC_WARN_UNUSED_VARIABLE = YES;
				IPHONEOS_DEPLOYMENT_TARGET = 17.0;
				LOCALIZATION_PREFERS_STRING_CATALOGS = YES;
				MTL_ENABLE_DEBUG_INFO = NO;
				MTL_FAST_MATH = YES;
				SDKROOT = iphoneos;
				SWIFT_COMPILATION_MODE = wholemodule;
				VALIDATE_PRODUCT = YES;
			};
			name = Release;
		};
		B67F7A362B1C470E009B72D7 /* Debug */ = {
			isa = XCBuildConfiguration;
			buildSettings = {
				ASSETCATALOG_COMPILER_APPICON_NAME = AppIcon;
				ASSETCATALOG_COMPILER_GLOBAL_ACCENT_COLOR_NAME = AccentColor;
				CODE_SIGN_STYLE = Automatic;
				CURRENT_PROJECT_VERSION = 1;
				DEVELOPMENT_ASSET_PATHS = "\"Form FocusState In SwiftUI/Preview Content\"";
				DEVELOPMENT_TEAM = 2N64875GLV;
				ENABLE_PREVIEWS = YES;
				ENABLE_USER_SCRIPT_SANDBOXING = NO;
				GENERATE_INFOPLIST_FILE = YES;
				INFOPLIST_KEY_UIApplicationSceneManifest_Generation = YES;
				INFOPLIST_KEY_UIApplicationSupportsIndirectInputEvents = YES;
				INFOPLIST_KEY_UILaunchScreen_Generation = YES;
				INFOPLIST_KEY_UISupportedInterfaceOrientations = UIInterfaceOrientationPortrait;
				INFOPLIST_KEY_UISupportedInterfaceOrientations_iPad = "UIInterfaceOrientationPortrait UIInterfaceOrientationPortraitUpsideDown";
				IPHONEOS_DEPLOYMENT_TARGET = 15.0;
				LD_RUNPATH_SEARCH_PATHS = (
					"$(inherited)",
					"@executable_path/Frameworks",
				);
				MARKETING_VERSION = 1.0;
				PRODUCT_BUNDLE_IDENTIFIER = "com.github.syndicate017.Form-FocusState-In-SwiftUI";
				PRODUCT_NAME = "$(TARGET_NAME)";
				SUPPORTED_PLATFORMS = "iphoneos iphonesimulator";
				SUPPORTS_MACCATALYST = NO;
				SUPPORTS_MAC_DESIGNED_FOR_IPHONE_IPAD = NO;
				SWIFT_EMIT_LOC_STRINGS = YES;
				SWIFT_VERSION = 5.0;
				TARGETED_DEVICE_FAMILY = "1,2";
			};
			name = Debug;
		};
		B67F7A372B1C470E009B72D7 /* Release */ = {
			isa = XCBuildConfiguration;
			buildSettings = {
				ASSETCATALOG_COMPILER_APPICON_NAME = AppIcon;
				ASSETCATALOG_COMPILER_GLOBAL_ACCENT_COLOR_NAME = AccentColor;
				CODE_SIGN_STYLE = Automatic;
				CURRENT_PROJECT_VERSION = 1;
				DEVELOPMENT_ASSET_PATHS = "\"Form FocusState In SwiftUI/Preview Content\"";
				DEVELOPMENT_TEAM = 2N64875GLV;
				ENABLE_PREVIEWS = YES;
				ENABLE_USER_SCRIPT_SANDBOXING = NO;
				GENERATE_INFOPLIST_FILE = YES;
				INFOPLIST_KEY_UIApplicationSceneManifest_Generation = YES;
				INFOPLIST_KEY_UIApplicationSupportsIndirectInputEvents = YES;
				INFOPLIST_KEY_UILaunchScreen_Generation = YES;
				INFOPLIST_KEY_UISupportedInterfaceOrientations = UIInterfaceOrientationPortrait;
				INFOPLIST_KEY_UISupportedInterfaceOrientations_iPad = "UIInterfaceOrientationPortrait UIInterfaceOrientationPortraitUpsideDown";
				IPHONEOS_DEPLOYMENT_TARGET = 15.0;
				LD_RUNPATH_SEARCH_PATHS = (
					"$(inherited)",
					"@executable_path/Frameworks",
				);
				MARKETING_VERSION = 1.0;
				PRODUCT_BUNDLE_IDENTIFIER = "com.github.syndicate017.Form-FocusState-In-SwiftUI";
				PRODUCT_NAME = "$(TARGET_NAME)";
				SUPPORTED_PLATFORMS = "iphoneos iphonesimulator";
				SUPPORTS_MACCATALYST = NO;
				SUPPORTS_MAC_DESIGNED_FOR_IPHONE_IPAD = NO;
				SWIFT_EMIT_LOC_STRINGS = YES;
				SWIFT_VERSION = 5.0;
				TARGETED_DEVICE_FAMILY = "1,2";
			};
			name = Release;
		};
/* End XCBuildConfiguration section */

/* Begin XCConfigurationList section */
		B67F7A222B1C470B009B72D7 /* Build configuration list for PBXProject "Form FocusState In SwiftUI" */ = {
			isa = XCConfigurationList;
			buildConfigurations = (
				B67F7A332B1C470E009B72D7 /* Debug */,
				B67F7A342B1C470E009B72D7 /* Release */,
			);
			defaultConfigurationIsVisible = 0;
			defaultConfigurationName = Release;
		};
		B67F7A352B1C470E009B72D7 /* Build configuration list for PBXNativeTarget "Form FocusState In SwiftUI" */ = {
			isa = XCConfigurationList;
			buildConfigurations = (
				B67F7A362B1C470E009B72D7 /* Debug */,
				B67F7A372B1C470E009B72D7 /* Release */,
			);
			defaultConfigurationIsVisible = 0;
			defaultConfigurationName = Release;
		};
/* End XCConfigurationList section */
	};
	rootObject = B67F7A1F2B1C470B009B72D7 /* Project object */;
}
